
Microsoft Visual Studio Solution File, Format Version 12.00
# Visual Studio Version 17
VisualStudioVersion = 17.7.34024.191
MinimumVisualStudioVersion = 10.0.40219.1
Project("{9A19103F-16F7-4668-BE54-9A1E7A4F7556}") = "PetCafeProject", "..\..\..\PetCafe\PetCafeProject\PetCafeProject.csproj", "{F2475BA1-2B40-4818-BF98-4836E8917806}"
EndProject
Global
	GlobalSection(SolutionConfigurationPlatforms) = preSolution
		Debug|Any CPU = Debug|Any CPU
		Release|Any CPU = Release|Any CPU
	EndGlobalSection
	GlobalSection(ProjectConfigurationPlatforms) = postSolution
		{F2475BA1-2B40-4818-BF98-4836E8917806}.Debug|Any CPU.ActiveCfg = Debug|Any CPU
		{F2475BA1-2B40-4818-BF98-4836E8917806}.Debug|Any CPU.Build.0 = Debug|Any CPU
		{F2475BA1-2B40-4818-BF98-4836E8917806}.Release|Any CPU.ActiveCfg = Release|Any CPU
		{F2475BA1-2B40-4818-BF98-4836E8917806}.Release|Any CPU.Build.0 = Release|Any CPU
	EndGlobalSection
	GlobalSection(SolutionProperties) = preSolution
		HideSolutionNode = FALSE
	EndGlobalSection
	GlobalSection(ExtensibilityGlobals) = postSolution
		SolutionGuid = {3CAFC96F-0F14-4CC5-A47E-85073F21D2EE}
	EndGlobalSection
EndGlobal
